
Microsoft Visual Studio Solution File, Format Version 12.00
# Visual Studio Version 17
VisualStudioVersion = 17.0.32112.339
MinimumVisualStudioVersion = 10.0.40219.1
Project("{FAE04EC0-301F-11D3-BF4B-00C04F79EFBC}") = "IdentityDemo", "IdentityDemo\IdentityDemo.csproj", "{0033295B-2702-43C6-A10A-341FE494B0E1}"
EndProject
Global
	GlobalSection(SolutionConfigurationPlatforms) = preSolution
		Debug|Any CPU = Debug|Any CPU
		Release|Any CPU = Release|Any CPU
	EndGlobalSection
	GlobalSection(ProjectConfigurationPlatforms) = postSolution
		{0033295B-2702-43C6-A10A-341FE494B0E1}.Debug|Any CPU.ActiveCfg = Debug|Any CPU
		{0033295B-2702-43C6-A10A-341FE494B0E1}.Debug|Any CPU.Build.0 = Debug|Any CPU
		{0033295B-2702-43C6-A10A-341FE494B0E1}.Release|Any CPU.ActiveCfg = Release|Any CPU
		{0033295B-2702-43C6-A10A-341FE494B0E1}.Release|Any CPU.Build.0 = Release|Any CPU
	EndGlobalSection
	GlobalSection(SolutionProperties) = preSolution
		HideSolutionNode = FALSE
	EndGlobalSection
	GlobalSection(ExtensibilityGlobals) = postSolution
		SolutionGuid = {0409277D-9E16-4785-941F-F467A33A852D}
	EndGlobalSection
EndGlobal
